
Microsoft Visual Studio Solution File, Format Version 9.00
# Visual Studio 2005
Project("{FAE04EC0-301F-11D3-BF4B-00C04F79EFBC}") = "uniBaterFrenteLoja", "uniBaterFrenteLoja\uniBaterFrenteLoja.csproj", "{1AE49A10-9A20-442A-8C9F-28CD814F3DF5}"
EndProject
Global
	GlobalSection(SolutionConfigurationPlatforms) = preSolution
		Debug|Any CPU = Debug|Any CPU
		Release|Any CPU = Release|Any CPU
	EndGlobalSection
	GlobalSection(ProjectConfigurationPlatforms) = postSolution
		{1AE49A10-9A20-442A-8C9F-28CD814F3DF5}.Debug|Any CPU.ActiveCfg = Debug|Any CPU
		{1AE49A10-9A20-442A-8C9F-28CD814F3DF5}.Debug|Any CPU.Build.0 = Debug|Any CPU
		{1AE49A10-9A20-442A-8C9F-28CD814F3DF5}.Release|Any CPU.ActiveCfg = Release|Any CPU
		{1AE49A10-9A20-442A-8C9F-28CD814F3DF5}.Release|Any CPU.Build.0 = Release|Any CPU
	EndGlobalSection
	GlobalSection(SolutionProperties) = preSolution
		HideSolutionNode = FALSE
	EndGlobalSection
EndGlobal
